
Microsoft Visual Studio Solution File, Format Version 12.00
# Visual Studio Version 16
VisualStudioVersion = 16.0.30204.135
MinimumVisualStudioVersion = 10.0.40219.1
Project("{9A19103F-16F7-4668-BE54-9A1E7A4F7556}") = "ShopAction.App", "ShopAction.App\ShopAction.App.csproj", "{000BE792-1198-4AB0-B218-C1816E8FD7DC}"
EndProject
Project("{9A19103F-16F7-4668-BE54-9A1E7A4F7556}") = "ShopAction.Data", "ShopAction.Data\ShopAction.Data.csproj", "{11C83370-2265-45DF-96CF-7A3D62157214}"
EndProject
Project("{9A19103F-16F7-4668-BE54-9A1E7A4F7556}") = "ShopAction.ApplicationService", "ShopAction.ApplicationService\ShopAction.ApplicationService.csproj", "{A244B181-05C6-4A8D-9F64-5E5697A5B81A}"
EndProject
Project("{9A19103F-16F7-4668-BE54-9A1E7A4F7556}") = "ShopAction.Utilities", "ShopAction.Utilities\ShopAction.Utilities.csproj", "{D9054449-E6C1-4CB8-A5DC-D044C2E3268D}"
EndProject
Project("{9A19103F-16F7-4668-BE54-9A1E7A4F7556}") = "ShopAction.ViewModels", "ShopAction.ViewModels\ShopAction.ViewModels.csproj", "{BEE596A8-5433-4DA1-A90A-E8A38A1BA0AF}"
EndProject
Project("{FAE04EC0-301F-11D3-BF4B-00C04F79EFBC}") = "ShopAction.Api", "ShopAction.Api\ShopAction.Api.csproj", "{9321CF32-11AD-4CBD-8272-5816C99A032D}"
EndProject
Global
	GlobalSection(SolutionConfigurationPlatforms) = preSolution
		Debug|Any CPU = Debug|Any CPU
		Release|Any CPU = Release|Any CPU
	EndGlobalSection
	GlobalSection(ProjectConfigurationPlatforms) = postSolution
		{000BE792-1198-4AB0-B218-C1816E8FD7DC}.Debug|Any CPU.ActiveCfg = Debug|Any CPU
		{000BE792-1198-4AB0-B218-C1816E8FD7DC}.Debug|Any CPU.Build.0 = Debug|Any CPU
		{000BE792-1198-4AB0-B218-C1816E8FD7DC}.Release|Any CPU.ActiveCfg = Release|Any CPU
		{000BE792-1198-4AB0-B218-C1816E8FD7DC}.Release|Any CPU.Build.0 = Release|Any CPU
		{11C83370-2265-45DF-96CF-7A3D62157214}.Debug|Any CPU.ActiveCfg = Debug|Any CPU
		{11C83370-2265-45DF-96CF-7A3D62157214}.Debug|Any CPU.Build.0 = Debug|Any CPU
		{11C83370-2265-45DF-96CF-7A3D62157214}.Release|Any CPU.ActiveCfg = Release|Any CPU
		{11C83370-2265-45DF-96CF-7A3D62157214}.Release|Any CPU.Build.0 = Release|Any CPU
		{A244B181-05C6-4A8D-9F64-5E5697A5B81A}.Debug|Any CPU.ActiveCfg = Debug|Any CPU
		{A244B181-05C6-4A8D-9F64-5E5697A5B81A}.Debug|Any CPU.Build.0 = Debug|Any CPU
		{A244B181-05C6-4A8D-9F64-5E5697A5B81A}.Release|Any CPU.ActiveCfg = Release|Any CPU
		{A244B181-05C6-4A8D-9F64-5E5697A5B81A}.Release|Any CPU.Build.0 = Release|Any CPU
		{D9054449-E6C1-4CB8-A5DC-D044C2E3268D}.Debug|Any CPU.ActiveCfg = Debug|Any CPU
		{D9054449-E6C1-4CB8-A5DC-D044C2E3268D}.Debug|Any CPU.Build.0 = Debug|Any CPU
		{D9054449-E6C1-4CB8-A5DC-D044C2E3268D}.Release|Any CPU.ActiveCfg = Release|Any CPU
		{D9054449-E6C1-4CB8-A5DC-D044C2E3268D}.Release|Any CPU.Build.0 = Release|Any CPU
		{BEE596A8-5433-4DA1-A90A-E8A38A1BA0AF}.Debug|Any CPU.ActiveCfg = Debug|Any CPU
		{BEE596A8-5433-4DA1-A90A-E8A38A1BA0AF}.Debug|Any CPU.Build.0 = Debug|Any CPU
		{BEE596A8-5433-4DA1-A90A-E8A38A1BA0AF}.Release|Any CPU.ActiveCfg = Release|Any CPU
		{BEE596A8-5433-4DA1-A90A-E8A38A1BA0AF}.Release|Any CPU.Build.0 = Release|Any CPU
		{9321CF32-11AD-4CBD-8272-5816C99A032D}.Debug|Any CPU.ActiveCfg = Debug|Any CPU
		{9321CF32-11AD-4CBD-8272-5816C99A032D}.Debug|Any CPU.Build.0 = Debug|Any CPU
		{9321CF32-11AD-4CBD-8272-5816C99A032D}.Release|Any CPU.ActiveCfg = Release|Any CPU
		{9321CF32-11AD-4CBD-8272-5816C99A032D}.Release|Any CPU.Build.0 = Release|Any CPU
	EndGlobalSection
	GlobalSection(SolutionProperties) = preSolution
		HideSolutionNode = FALSE
	EndGlobalSection
	GlobalSection(ExtensibilityGlobals) = postSolution
		SolutionGuid = {E8F385DF-106D-4A63-AFA8-27DC2AACA6A3}
	EndGlobalSection
EndGlobal
